Microsoft Visual Studio Solution File, Format Version 12.00
# Visual Studio 15
VisualStudioVersion = 15.0.27130.2020
MinimumVisualStudioVersion = 10.0.40219.1
Project("{2150E333-8FDC-42A3-9474-1A3956D46DE8}") = "Samples", "Samples", "{A1967865-8F3B-4976-A7EC-8F91EAE4C964}"
EndProject
Project("{FAE04EC0-301F-11D3-BF4B-00C04F79EFBC}") = "WpfTestSvgSample", "..\Samples\WpfTestSvgSample\WpfTestSvgSample.csproj", "{514A1E9D-0900-46A5-8073-F3C9CB2AAEE3}"
EndProject
Project("{FAE04EC0-301F-11D3-BF4B-00C04F79EFBC}") = "WpfW3cSvgTestSuite", "..\Samples\WpfW3cSvgTestSuite\WpfW3cSvgTestSuite.csproj", "{2B1A01CB-E5C5-4D51-A0D1-2FF715260164}"
EndProject
Project("{FAE04EC0-301F-11D3-BF4B-00C04F79EFBC}") = "WpfConverters", "..\Samples\WpfConverters\WpfConverters.csproj", "{0B1FD1AD-6004-40CC-94A1-B598F6B00A1A}"
EndProject
Project("{FAE04EC0-301F-11D3-BF4B-00C04F79EFBC}") = "GdiTestSvgControl", "..\Samples\GdiTestSvgControl\GdiTestSvgControl.csproj", "{CCFEF6F0-D931-419A-8833-1C3464232ACB}"
EndProject
Project("{FAE04EC0-301F-11D3-BF4B-00C04F79EFBC}") = "GdiTestSvgViewer", "..\Samples\GdiTestSvgViewer\GdiTestSvgViewer.csproj", "{AABE71B6-057B-423C-822A-E9CD2129D2F9}"
EndProject
Project("{2150E333-8FDC-42A3-9474-1A3956D46DE8}") = "Core", "Core", "{D65A35DA-EBB7-475B-8CCD-6349EA48BA8E}"
EndProject
Project("{9A19103F-16F7-4668-BE54-9A1E7A4F7556}") = "SharpVectors.Core", "Core\SharpVectorCore\SharpVectors.Core.csproj", "{F8D5DCBC-5A87-42D9-829C-A5285A211D2D}"
EndProject
Project("{9A19103F-16F7-4668-BE54-9A1E7A4F7556}") = "SharpVectors.Css", "Core\SharpVectorCss\SharpVectors.Css.csproj", "{324B3349-29B6-4CCF-80DE-A8AFCB94B930}"
EndProject
Project("{9A19103F-16F7-4668-BE54-9A1E7A4F7556}") = "SharpVectors.Dom", "Core\SharpVectorDom\SharpVectors.Dom.csproj", "{02DCE84B-4791-41E1-8441-B5052C262F63}"
EndProject
Project("{9A19103F-16F7-4668-BE54-9A1E7A4F7556}") = "SharpVectors.Model", "Core\SharpVectorModel\SharpVectors.Model.csproj", "{B519A810-DDD9-4A12-BDBD-9ABC13D0DF95}"
EndProject
Project("{2150E333-8FDC-42A3-9474-1A3956D46DE8}") = "WPF", "WPF", "{CF91FFF4-3F88-4737-8645-C80F9C35F891}"
EndProject
Project("{FAE04EC0-301F-11D3-BF4B-00C04F79EFBC}") = "SharpVectors.Converters", "WPF\SharpVectorConverters\SharpVectors.Converters.csproj", "{E8056611-E49C-4BC3-A682-A629D5CEC11C}"
EndProject
Project("{FAE04EC0-301F-11D3-BF4B-00C04F79EFBC}") = "SharpVectors.Rendering.Wpf", "WPF\SharpVectorRenderingWpf\SharpVectors.Rendering.Wpf.csproj", "{A2576CE0-E492-490F-97E9-C0E7ABAFAF27}"
EndProject
Project("{FAE04EC0-301F-11D3-BF4B-00C04F79EFBC}") = "SharpVectors.Runtime", "WPF\SharpVectorRuntime\SharpVectors.Runtime.csproj", "{2CD52982-A1C2-4A14-9D69-D64719357216}"
EndProject
Project("{2150E333-8FDC-42A3-9474-1A3956D46DE8}") = "WinForms", "WinForms", "{AFA4DCC1-B42A-42DC-91F5-96892D8A159D}"
EndProject
Project("{FAE04EC0-301F-11D3-BF4B-00C04F79EFBC}") = "SharpVectors.Rendering.Gdi", "WinForms\SharpVectorRenderingGdi\SharpVectors.Rendering.Gdi.csproj", "{0AD99D97-24ED-484D-9430-9905811F8A4F}"
EndProject
Global
	GlobalSection(SolutionConfigurationPlatforms) = preSolution
		Debug|Any CPU = Debug|Any CPU
		Documentation|Any CPU = Documentation|Any CPU
		Release|Any CPU = Release|Any CPU
	EndGlobalSection
	GlobalSection(ProjectConfigurationPlatforms) = postSolution
		{514A1E9D-0900-46A5-8073-F3C9CB2AAEE3}.Debug|Any CPU.ActiveCfg = Debug|Any CPU
		{514A1E9D-0900-46A5-8073-F3C9CB2AAEE3}.Debug|Any CPU.Build.0 = Debug|Any CPU
		{514A1E9D-0900-46A5-8073-F3C9CB2AAEE3}.Documentation|Any CPU.ActiveCfg = Debug|Any CPU
		{514A1E9D-0900-46A5-8073-F3C9CB2AAEE3}.Documentation|Any CPU.Build.0 = Debug|Any CPU
		{514A1E9D-0900-46A5-8073-F3C9CB2AAEE3}.Release|Any CPU.ActiveCfg = Release|Any CPU
		{514A1E9D-0900-46A5-8073-F3C9CB2AAEE3}.Release|Any CPU.Build.0 = Release|Any CPU
		{2B1A01CB-E5C5-4D51-A0D1-2FF715260164}.Debug|Any CPU.ActiveCfg = Debug|Any CPU
		{2B1A01CB-E5C5-4D51-A0D1-2FF715260164}.Debug|Any CPU.Build.0 = Debug|Any CPU
		{2B1A01CB-E5C5-4D51-A0D1-2FF715260164}.Documentation|Any CPU.ActiveCfg = Debug|Any CPU
		{2B1A01CB-E5C5-4D51-A0D1-2FF715260164}.Documentation|Any CPU.Build.0 = Debug|Any CPU
		{2B1A01CB-E5C5-4D51-A0D1-2FF715260164}.Release|Any CPU.ActiveCfg = Release|Any CPU
		{2B1A01CB-E5C5-4D51-A0D1-2FF715260164}.Release|Any CPU.Build.0 = Release|Any CPU
		{0B1FD1AD-6004-40CC-94A1-B598F6B00A1A}.Debug|Any CPU.ActiveCfg = Debug|Any CPU
		{0B1FD1AD-6004-40CC-94A1-B598F6B00A1A}.Debug|Any CPU.Build.0 = Debug|Any CPU
		{0B1FD1AD-6004-40CC-94A1-B598F6B00A1A}.Documentation|Any CPU.ActiveCfg = Debug|Any CPU
		{0B1FD1AD-6004-40CC-94A1-B598F6B00A1A}.Documentation|Any CPU.Build.0 = Debug|Any CPU
		{0B1FD1AD-6004-40CC-94A1-B598F6B00A1A}.Release|Any CPU.ActiveCfg = Release|Any CPU
		{0B1FD1AD-6004-40CC-94A1-B598F6B00A1A}.Release|Any CPU.Build.0 = Release|Any CPU
		{CCFEF6F0-D931-419A-8833-1C3464232ACB}.Debug|Any CPU.ActiveCfg = Debug|Any CPU
		{CCFEF6F0-D931-419A-8833-1C3464232ACB}.Debug|Any CPU.Build.0 = Debug|Any CPU
		{CCFEF6F0-D931-419A-8833-1C3464232ACB}.Documentation|Any CPU.ActiveCfg = Documentation|Any CPU
		{CCFEF6F0-D931-419A-8833-1C3464232ACB}.Documentation|Any CPU.Build.0 = Documentation|Any CPU
		{CCFEF6F0-D931-419A-8833-1C3464232ACB}.Release|Any CPU.ActiveCfg = Release|Any CPU
		{CCFEF6F0-D931-419A-8833-1C3464232ACB}.Release|Any CPU.Build.0 = Release|Any CPU
		{AABE71B6-057B-423C-822A-E9CD2129D2F9}.Debug|Any CPU.ActiveCfg = Debug|Any CPU
		{AABE71B6-057B-423C-822A-E9CD2129D2F9}.Debug|Any CPU.Build.0 = Debug|Any CPU
		{AABE71B6-057B-423C-822A-E9CD2129D2F9}.Documentation|Any CPU.ActiveCfg = Documentation|Any CPU
		{AABE71B6-057B-423C-822A-E9CD2129D2F9}.Documentation|Any CPU.Build.0 = Documentation|Any CPU
		{AABE71B6-057B-423C-822A-E9CD2129D2F9}.Release|Any CPU.ActiveCfg = Release|Any CPU
		{AABE71B6-057B-423C-822A-E9CD2129D2F9}.Release|Any CPU.Build.0 = Release|Any CPU
		{F8D5DCBC-5A87-42D9-829C-A5285A211D2D}.Debug|Any CPU.ActiveCfg = Debug|Any CPU
		{F8D5DCBC-5A87-42D9-829C-A5285A211D2D}.Debug|Any CPU.Build.0 = Debug|Any CPU
		{F8D5DCBC-5A87-42D9-829C-A5285A211D2D}.Documentation|Any CPU.ActiveCfg = Debug|Any CPU
		{F8D5DCBC-5A87-42D9-829C-A5285A211D2D}.Documentation|Any CPU.Build.0 = Debug|Any CPU
		{F8D5DCBC-5A87-42D9-829C-A5285A211D2D}.Release|Any CPU.ActiveCfg = Release|Any CPU
		{F8D5DCBC-5A87-42D9-829C-A5285A211D2D}.Release|Any CPU.Build.0 = Release|Any CPU
		{324B3349-29B6-4CCF-80DE-A8AFCB94B930}.Debug|Any CPU.ActiveCfg = Debug|Any CPU
		{324B3349-29B6-4CCF-80DE-A8AFCB94B930}.Debug|Any CPU.Build.0 = Debug|Any CPU
		{324B3349-29B6-4CCF-80DE-A8AFCB94B930}.Documentation|Any CPU.ActiveCfg = Debug|Any CPU
		{324B3349-29B6-4CCF-80DE-A8AFCB94B930}.Documentation|Any CPU.Build.0 = Debug|Any CPU
		{324B3349-29B6-4CCF-80DE-A8AFCB94B930}.Release|Any CPU.ActiveCfg = Release|Any CPU
		{324B3349-29B6-4CCF-80DE-A8AFCB94B930}.Release|Any CPU.Build.0 = Release|Any CPU
		{02DCE84B-4791-41E1-8441-B5052C262F63}.Debug|Any CPU.ActiveCfg = Debug|Any CPU
		{02DCE84B-4791-41E1-8441-B5052C262F63}.Debug|Any CPU.Build.0 = Debug|Any CPU
		{02DCE84B-4791-41E1-8441-B5052C262F63}.Documentation|Any CPU.ActiveCfg = Debug|Any CPU
		{02DCE84B-4791-41E1-8441-B5052C262F63}.Documentation|Any CPU.Build.0 = Debug|Any CPU
		{02DCE84B-4791-41E1-8441-B5052C262F63}.Release|Any CPU.ActiveCfg = Release|Any CPU
		{02DCE84B-4791-41E1-8441-B5052C262F63}.Release|Any CPU.Build.0 = Release|Any CPU
		{B519A810-DDD9-4A12-BDBD-9ABC13D0DF95}.Debug|Any CPU.ActiveCfg = Debug|Any CPU
		{B519A810-DDD9-4A12-BDBD-9ABC13D0DF95}.Debug|Any CPU.Build.0 = Debug|Any CPU
		{B519A810-DDD9-4A12-BDBD-9ABC13D0DF95}.Documentation|Any CPU.ActiveCfg = Debug|Any CPU
		{B519A810-DDD9-4A12-BDBD-9ABC13D0DF95}.Documentation|Any CPU.Build.0 = Debug|Any CPU
		{B519A810-DDD9-4A12-BDBD-9ABC13D0DF95}.Release|Any CPU.ActiveCfg = Release|Any CPU
		{B519A810-DDD9-4A12-BDBD-9ABC13D0DF95}.Release|Any CPU.Build.0 = Release|Any CPU
		{E8056611-E49C-4BC3-A682-A629D5CEC11C}.Debug|Any CPU.ActiveCfg = Debug|Any CPU
		{E8056611-E49C-4BC3-A682-A629D5CEC11C}.Debug|Any CPU.Build.0 = Debug|Any CPU
		{E8056611-E49C-4BC3-A682-A629D5CEC11C}.Documentation|Any CPU.ActiveCfg = Debug|Any CPU
		{E8056611-E49C-4BC3-A682-A629D5CEC11C}.Documentation|Any CPU.Build.0 = Debug|Any CPU
		{E8056611-E49C-4BC3-A682-A629D5CEC11C}.Release|Any CPU.ActiveCfg = Release|Any CPU
		{E8056611-E49C-4BC3-A682-A629D5CEC11C}.Release|Any CPU.Build.0 = Release|Any CPU
		{A2576CE0-E492-490F-97E9-C0E7ABAFAF27}.Debug|Any CPU.ActiveCfg = Debug|Any CPU
		{A2576CE0-E492-490F-97E9-C0E7ABAFAF27}.Debug|Any CPU.Build.0 = Debug|Any CPU
		{A2576CE0-E492-490F-97E9-C0E7ABAFAF27}.Documentation|Any CPU.ActiveCfg = Documentation|Any CPU
		{A2576CE0-E492-490F-97E9-C0E7ABAFAF27}.Documentation|Any CPU.Build.0 = Documentation|Any CPU
		{A2576CE0-E492-490F-97E9-C0E7ABAFAF27}.Release|Any CPU.ActiveCfg = Release|Any CPU
		{A2576CE0-E492-490F-97E9-C0E7ABAFAF27}.Release|Any CPU.Build.0 = Release|Any CPU
		{2CD52982-A1C2-4A14-9D69-D64719357216}.Debug|Any CPU.ActiveCfg = Debug|Any CPU
		{2CD52982-A1C2-4A14-9D69-D64719357216}.Debug|Any CPU.Build.0 = Debug|Any CPU
		{2CD52982-A1C2-4A14-9D69-D64719357216}.Documentation|Any CPU.ActiveCfg = Debug|Any CPU
		{2CD52982-A1C2-4A14-9D69-D64719357216}.Documentation|Any CPU.Build.0 = Debug|Any CPU
		{2CD52982-A1C2-4A14-9D69-D64719357216}.Release|Any CPU.ActiveCfg = Release|Any CPU
		{2CD52982-A1C2-4A14-9D69-D64719357216}.Release|Any CPU.Build.0 = Release|Any CPU
		{0AD99D97-24ED-484D-9430-9905811F8A4F}.Debug|Any CPU.ActiveCfg = Debug|Any CPU
		{0AD99D97-24ED-484D-9430-9905811F8A4F}.Debug|Any CPU.Build.0 = Debug|Any CPU
		{0AD99D97-24ED-484D-9430-9905811F8A4F}.Documentation|Any CPU.ActiveCfg = Documentation|Any CPU
		{0AD99D97-24ED-484D-9430-9905811F8A4F}.Documentation|Any CPU.Build.0 = Documentation|Any CPU
		{0AD99D97-24ED-484D-9430-9905811F8A4F}.Release|Any CPU.ActiveCfg = Release|Any CPU
		{0AD99D97-24ED-484D-9430-9905811F8A4F}.Release|Any CPU.Build.0 = Release|Any CPU
	EndGlobalSection
	GlobalSection(SolutionProperties) = preSolution
		HideSolutionNode = FALSE
	EndGlobalSection
	GlobalSection(NestedProjects) = preSolution
		{514A1E9D-0900-46A5-8073-F3C9CB2AAEE3} = {A1967865-8F3B-4976-A7EC-8F91EAE4C964}
		{2B1A01CB-E5C5-4D51-A0D1-2FF715260164} = {A1967865-8F3B-4976-A7EC-8F91EAE4C964}
		{0B1FD1AD-6004-40CC-94A1-B598F6B00A1A} = {A1967865-8F3B-4976-A7EC-8F91EAE4C964}
		{CCFEF6F0-D931-419A-8833-1C3464232ACB} = {A1967865-8F3B-4976-A7EC-8F91EAE4C964}
		{AABE71B6-057B-423C-822A-E9CD2129D2F9} = {A1967865-8F3B-4976-A7EC-8F91EAE4C964}
		{F8D5DCBC-5A87-42D9-829C-A5285A211D2D} = {D65A35DA-EBB7-475B-8CCD-6349EA48BA8E}
		{324B3349-29B6-4CCF-80DE-A8AFCB94B930} = {D65A35DA-EBB7-475B-8CCD-6349EA48BA8E}
		{02DCE84B-4791-41E1-8441-B5052C262F63} = {D65A35DA-EBB7-475B-8CCD-6349EA48BA8E}
		{B519A810-DDD9-4A12-BDBD-9ABC13D0DF95} = {D65A35DA-EBB7-475B-8CCD-6349EA48BA8E}
		{E8056611-E49C-4BC3-A682-A629D5CEC11C} = {CF91FFF4-3F88-4737-8645-C80F9C35F891}
		{A2576CE0-E492-490F-97E9-C0E7ABAFAF27} = {CF91FFF4-3F88-4737-8645-C80F9C35F891}
		{2CD52982-A1C2-4A14-9D69-D64719357216} = {CF91FFF4-3F88-4737-8645-C80F9C35F891}
		{0AD99D97-24ED-484D-9430-9905811F8A4F} = {AFA4DCC1-B42A-42DC-91F5-96892D8A159D}
	EndGlobalSection
	GlobalSection(ExtensibilityGlobals) = postSolution
		SolutionGuid = {167CE202-5ADF-4816-A73A-27A91A4C0E38}
	EndGlobalSection
EndGlobal
